
Microsoft Visual Studio Solution File, Format Version 12.00
# Visual Studio 15
VisualStudioVersion = 15.0.28010.2003
MinimumVisualStudioVersion = 10.0.40219.1
Project("{FAE04EC0-301F-11D3-BF4B-00C04F79EFBC}") = "CarCalculator", "CarCalculator\CarCalculator.csproj", "{CB6BCE05-F6CE-418D-9188-14DA79D821BC}"
EndProject
Project("{FAE04EC0-301F-11D3-BF4B-00C04F79EFBC}") = "CarCalculatorClassLibrary", "CarCalculatorClassLibrary\CarCalculatorClassLibrary.csproj", "{119CFCC4-FB73-4F5E-989D-507E969D5BB0}"
EndProject
Project("{D954291E-2A0B-460D-934E-DC6B0785DB48}") = "CarCalculator.Core", "CarCalculator.Core\CarCalculator.Core.shproj", "{CBE096A0-700B-4799-A107-CB9E3F05AA99}"
EndProject
Global
	GlobalSection(SharedMSBuildProjectFiles) = preSolution
		CarCalculator.Core\CarCalculator.Core.projitems*{cb6bce05-f6ce-418d-9188-14da79d821bc}*SharedItemsImports = 4
		CarCalculator.Core\CarCalculator.Core.projitems*{cbe096a0-700b-4799-a107-cb9e3f05aa99}*SharedItemsImports = 13
	EndGlobalSection
	GlobalSection(SolutionConfigurationPlatforms) = preSolution
		Debug|Any CPU = Debug|Any CPU
		Release|Any CPU = Release|Any CPU
	EndGlobalSection
	GlobalSection(ProjectConfigurationPlatforms) = postSolution
		{CB6BCE05-F6CE-418D-9188-14DA79D821BC}.Debug|Any CPU.ActiveCfg = Debug|Any CPU
		{CB6BCE05-F6CE-418D-9188-14DA79D821BC}.Debug|Any CPU.Build.0 = Debug|Any CPU
		{CB6BCE05-F6CE-418D-9188-14DA79D821BC}.Debug|Any CPU.Deploy.0 = Debug|Any CPU
		{CB6BCE05-F6CE-418D-9188-14DA79D821BC}.Release|Any CPU.ActiveCfg = Release|Any CPU
		{CB6BCE05-F6CE-418D-9188-14DA79D821BC}.Release|Any CPU.Build.0 = Release|Any CPU
		{CB6BCE05-F6CE-418D-9188-14DA79D821BC}.Release|Any CPU.Deploy.0 = Release|Any CPU
		{119CFCC4-FB73-4F5E-989D-507E969D5BB0}.Debug|Any CPU.ActiveCfg = Debug|Any CPU
		{119CFCC4-FB73-4F5E-989D-507E969D5BB0}.Debug|Any CPU.Build.0 = Debug|Any CPU
		{119CFCC4-FB73-4F5E-989D-507E969D5BB0}.Release|Any CPU.ActiveCfg = Release|Any CPU
		{119CFCC4-FB73-4F5E-989D-507E969D5BB0}.Release|Any CPU.Build.0 = Release|Any CPU
	EndGlobalSection
	GlobalSection(SolutionProperties) = preSolution
		HideSolutionNode = FALSE
	EndGlobalSection
	GlobalSection(ExtensibilityGlobals) = postSolution
		SolutionGuid = {0D46A462-D937-4BD6-BB18-0124D72EBACE}
	EndGlobalSection
EndGlobal
